{
  "nodes": {
    "nixpkgs": {
      "locked": {
        "lastModified": 1643381941,
        "narHash": "sha256-pHTwvnN4tTsEKkWlXQ8JMY423epos8wUOhthpwJjtpc=",
        "owner": "nixos",
        "repo": "nixpkgs",
        "rev": "5efc8ca954272c4376ac929f4c5ffefcc20551d5",
        "type": "github"
      },
      "original": {
        "owner": "nixos",
        "ref": "nixpkgs-unstable",
        "repo": "nixpkgs",
        "type": "github"
      }
    },
    "nixpkgs-2021_03_20": {
      "flake": false,
      "locked": {
        "narHash": "sha256-88Pu2xh1p2tixNxdijfqoCqq9ymkEx0d6jc7ycWavLo=",
        "type": "tarball",
        "url": "https://github.com/nixos/nixpkgs/archive/f5e8bdd07d1a.tar.gz"
      },
      "original": {
        "type": "tarball",
        "url": "https://github.com/nixos/nixpkgs/archive/f5e8bdd07d1a.tar.gz"
      }
    },
    "ocaml-overlays": {
      "flake": false,
      "locked": {
        "lastModified": 1643410067,
        "narHash": "sha256-kD4j/64wQYM6vtN/UBX4RGE8DnpYByet5hCFTIDLmPA=",
        "owner": "anmonteiro",
        "repo": "nix-overlays",
        "rev": "348a9b5bf2d19ad85be200974f531ae299fc76cc",
        "type": "github"
      },
      "original": {
        "owner": "anmonteiro",
        "repo": "nix-overlays",
        "type": "github"
      }
    },
    "root": {
      "inputs": {
        "nixpkgs": "nixpkgs",
        "nixpkgs-2021_03_20": "nixpkgs-2021_03_20",
        "ocaml-overlays": "ocaml-overlays",
        "utils": "utils"
      }
    },
    "utils": {
      "locked": {
        "lastModified": 1642700792,
        "narHash": "sha256-XqHrk7hFb+zBvRg6Ghl+AZDq03ov6OshJLiSWOoX5es=",
        "owner": "numtide",
        "repo": "flake-utils",
        "rev": "846b2ae0fc4cc943637d3d1def4454213e203cba",
        "type": "github"
      },
      "original": {
        "owner": "numtide",
        "repo": "flake-utils",
        "type": "github"
      }
    }
  },
  "root": "root",
  "version": 7
}
